
Microsoft Visual Studio Solution File, Format Version 12.00
# Visual Studio 15
VisualStudioVersion = 15.0.28010.2026
MinimumVisualStudioVersion = 10.0.40219.1
Project("{FAE04EC0-301F-11D3-BF4B-00C04F79EFBC}") = "MatrixRotator", "MatrixRotator\MatrixRotator.csproj", "{EAEA8ED5-38FA-4699-ADAF-52050F2D8575}"
EndProject
Global
	GlobalSection(SolutionConfigurationPlatforms) = preSolution
		Debug|Any CPU = Debug|Any CPU
		Release|Any CPU = Release|Any CPU
	EndGlobalSection
	GlobalSection(ProjectConfigurationPlatforms) = postSolution
		{EAEA8ED5-38FA-4699-ADAF-52050F2D8575}.Debug|Any CPU.ActiveCfg = Debug|Any CPU
		{EAEA8ED5-38FA-4699-ADAF-52050F2D8575}.Debug|Any CPU.Build.0 = Debug|Any CPU
		{EAEA8ED5-38FA-4699-ADAF-52050F2D8575}.Release|Any CPU.ActiveCfg = Release|Any CPU
		{EAEA8ED5-38FA-4699-ADAF-52050F2D8575}.Release|Any CPU.Build.0 = Release|Any CPU
	EndGlobalSection
	GlobalSection(SolutionProperties) = preSolution
		HideSolutionNode = FALSE
	EndGlobalSection
	GlobalSection(ExtensibilityGlobals) = postSolution
		SolutionGuid = {FE97B53E-B54E-4804-AC6B-AC977C0D6180}
	EndGlobalSection
EndGlobal
